
Microsoft Visual Studio Solution File, Format Version 12.00
# Visual Studio 15
VisualStudioVersion = 15.0.27703.2042
MinimumVisualStudioVersion = 10.0.40219.1
Project("{2150E333-8FDC-42A3-9474-1A3956D46DE8}") = "src", "src", "{0D43B3B8-2C9D-4E84-B1B9-FAC6FD14281D}"
EndProject
Project("{FAE04EC0-301F-11D3-BF4B-00C04F79EFBC}") = "AppMyCVSearch.API", "src\AppMyCVSearch.API\AppMyCVSearch.API.csproj", "{F50A77D5-426F-4E16-AC0B-AB92E7E09332}"
EndProject
Project("{FAE04EC0-301F-11D3-BF4B-00C04F79EFBC}") = "AppMyCVSearch.Index", "src\AppMyCVSearch.Index\AppMyCVSearch.Index.csproj", "{2DFFF462-7437-4E3D-95CC-1CBE67083539}"
EndProject
Global
	GlobalSection(SolutionConfigurationPlatforms) = preSolution
		Debug|Any CPU = Debug|Any CPU
		Release|Any CPU = Release|Any CPU
	EndGlobalSection
	GlobalSection(ProjectConfigurationPlatforms) = postSolution
		{F50A77D5-426F-4E16-AC0B-AB92E7E09332}.Debug|Any CPU.ActiveCfg = Debug|Any CPU
		{F50A77D5-426F-4E16-AC0B-AB92E7E09332}.Debug|Any CPU.Build.0 = Debug|Any CPU
		{F50A77D5-426F-4E16-AC0B-AB92E7E09332}.Release|Any CPU.ActiveCfg = Release|Any CPU
		{F50A77D5-426F-4E16-AC0B-AB92E7E09332}.Release|Any CPU.Build.0 = Release|Any CPU
		{2DFFF462-7437-4E3D-95CC-1CBE67083539}.Debug|Any CPU.ActiveCfg = Debug|Any CPU
		{2DFFF462-7437-4E3D-95CC-1CBE67083539}.Debug|Any CPU.Build.0 = Debug|Any CPU
		{2DFFF462-7437-4E3D-95CC-1CBE67083539}.Release|Any CPU.ActiveCfg = Release|Any CPU
		{2DFFF462-7437-4E3D-95CC-1CBE67083539}.Release|Any CPU.Build.0 = Release|Any CPU
	EndGlobalSection
	GlobalSection(SolutionProperties) = preSolution
		HideSolutionNode = FALSE
	EndGlobalSection
	GlobalSection(NestedProjects) = preSolution
		{F50A77D5-426F-4E16-AC0B-AB92E7E09332} = {0D43B3B8-2C9D-4E84-B1B9-FAC6FD14281D}
		{2DFFF462-7437-4E3D-95CC-1CBE67083539} = {0D43B3B8-2C9D-4E84-B1B9-FAC6FD14281D}
	EndGlobalSection
	GlobalSection(ExtensibilityGlobals) = postSolution
		SolutionGuid = {2D05E571-00D1-42F6-8BF8-B59AA58F515D}
	EndGlobalSection
EndGlobal
